// !$*UTF8*$!
{
	archiveVersion = 1;
	classes = {
	};
	objectVersion = 48;
	objects = {

/* Begin PBXBuildFile section */
		3D8845BE202DDD8600C3D2FC /* AppDelegate.swift in Sources */ = {isa = PBXBuildFile; fileRef = 3D8845BD202DDD8600C3D2FC /* AppDelegate.swift */; };
		3D8845C0202DDD8600C3D2FC /* ViewController.swift in Sources */ = {isa = PBXBuildFile; fileRef = 3D8845BF202DDD8600C3D2FC /* ViewController.swift */; };
		3D8845C5202DDD8600C3D2FC /* Assets.xcassets in Resources */ = {isa = PBXBuildFile; fileRef = 3D8845C4202DDD8600C3D2FC /* Assets.xcassets */; };
		3D8845C8202DDD8600C3D2FC /* LaunchScreen.storyboard in Resources */ = {isa = PBXBuildFile; fileRef = 3D8845C6202DDD8600C3D2FC /* LaunchScreen.storyboard */; };
		3D8845D3202DDD8600C3D2FC /* KindleLBTATests.swift in Sources */ = {isa = PBXBuildFile; fileRef = 3D8845D2202DDD8600C3D2FC /* KindleLBTATests.swift */; };
		3D8845DE202DDD8600C3D2FC /* KindleLBTAUITests.swift in Sources */ = {isa = PBXBuildFile; fileRef = 3D8845DD202DDD8600C3D2FC /* KindleLBTAUITests.swift */; };
		3D8845EC202DFDFF00C3D2FC /* Models.swift in Sources */ = {isa = PBXBuildFile; fileRef = 3D8845EB202DFDFF00C3D2FC /* Models.swift */; };
/* End PBXBuildFile section */

/* Begin PBXContainerItemProxy section */
		3D8845CF202DDD8600C3D2FC /* PBXContainerItemProxy */ = {
			isa = PBXContainerItemProxy;
			containerPortal = 3D8845B2202DDD8500C3D2FC /* Project object */;
			proxyType = 1;
			remoteGlobalIDString = 3D8845B9202DDD8500C3D2FC;
			remoteInfo = KindleLBTA;
		};
		3D8845DA202DDD8600C3D2FC /* PBXContainerItemProxy */ = {
			isa = PBXContainerItemProxy;
			containerPortal = 3D8845B2202DDD8500C3D2FC /* Project object */;
			proxyType = 1;
			remoteGlobalIDString = 3D8845B9202DDD8500C3D2FC;
			remoteInfo = KindleLBTA;
		};
/* End PBXContainerItemProxy section */

/* Begin PBXFileReference section */
		3D8845BA202DDD8600C3D2FC /* KindleLBTA.app */ = {isa = PBXFileReference; explicitFileType = wrapper.application; includeInIndex = 0; path = KindleLBTA.app; sourceTree = BUILT_PRODUCTS_DIR; };
		3D8845BD202DDD8600C3D2FC /* AppDelegate.swift */ = {isa = PBXFileReference; lastKnownFileType = sourcecode.swift; path = AppDelegate.swift; sourceTree = "<group>"; };
		3D8845BF202DDD8600C3D2FC /* ViewController.swift */ = {isa = PBXFileReference; lastKnownFileType = sourcecode.swift; path = ViewController.swift; sourceTree = "<group>"; };
		3D8845C4202DDD8600C3D2FC /* Assets.xcassets */ = {isa = PBXFileReference; lastKnownFileType = folder.assetcatalog; path = Assets.xcassets; sourceTree = "<group>"; };
		3D8845C7202DDD8600C3D2FC /* Base */ = {isa = PBXFileReference; lastKnownFileType = file.storyboard; name = Base; path = Base.lproj/LaunchScreen.storyboard; sourceTree = "<group>"; };
		3D8845C9202DDD8600C3D2FC /* Info.plist */ = {isa = PBXFileReference; lastKnownFileType = text.plist.xml; path = Info.plist; sourceTree = "<group>"; };
		3D8845CE202DDD8600C3D2FC /* KindleLBTATests.xctest */ = {isa = PBXFileReference; explicitFileType = wrapper.cfbundle; includeInIndex = 0; path = KindleLBTATests.xctest; sourceTree = BUILT_PRODUCTS_DIR; };
		3D8845D2202DDD8600C3D2FC /* KindleLBTATests.swift */ = {isa = PBXFileReference; lastKnownFileType = sourcecode.swift; path = KindleLBTATests.swift; sourceTree = "<group>"; };
		3D8845D4202DDD8600C3D2FC /* Info.plist */ = {isa = PBXFileReference; lastKnownFileType = text.plist.xml; path = Info.plist; sourceTree = "<group>"; };
		3D8845D9202DDD8600C3D2FC /* KindleLBTAUITests.xctest */ = {isa = PBXFileReference; explicitFileType = wrapper.cfbundle; includeInIndex = 0; path = KindleLBTAUITests.xctest; sourceTree = BUILT_PRODUCTS_DIR; };
		3D8845DD202DDD8600C3D2FC /* KindleLBTAUITests.swift */ = {isa = PBXFileReference; lastKnownFileType = sourcecode.swift; path = KindleLBTAUITests.swift; sourceTree = "<group>"; };
		3D8845DF202DDD8600C3D2FC /* Info.plist */ = {isa = PBXFileReference; lastKnownFileType = text.plist.xml; path = Info.plist; sourceTree = "<group>"; };
		3D8845EB202DFDFF00C3D2FC /* Models.swift */ = {isa = PBXFileReference; lastKnownFileType = sourcecode.swift; path = Models.swift; sourceTree = "<group>"; };
/* End PBXFileReference section */

/* Begin PBXFrameworksBuildPhase section */
		3D8845B7202DDD8500C3D2FC /* Frameworks */ = {
			isa = PBXFrameworksBuildPhase;
			buildActionMask = 2147483647;
			files = (
			);
			runOnlyForDeploymentPostprocessing = 0;
		};
		3D8845CB202DDD8600C3D2FC /* Frameworks */ = {
			isa = PBXFrameworksBuildPhase;
			buildActionMask = 2147483647;
			files = (
			);
			runOnlyForDeploymentPostprocessing = 0;
		};
		3D8845D6202DDD8600C3D2FC /* Frameworks */ = {
			isa = PBXFrameworksBuildPhase;
			buildActionMask = 2147483647;
			files = (
			);
			runOnlyForDeploymentPostprocessing = 0;
		};
/* End PBXFrameworksBuildPhase section */

/* Begin PBXGroup section */
		3D8845B1202DDD8500C3D2FC = {
			isa = PBXGroup;
			children = (
				3D8845BC202DDD8600C3D2FC /* KindleLBTA */,
				3D8845D1202DDD8600C3D2FC /* KindleLBTATests */,
				3D8845DC202DDD8600C3D2FC /* KindleLBTAUITests */,
				3D8845BB202DDD8600C3D2FC /* Products */,
			);
			sourceTree = "<group>";
		};
		3D8845BB202DDD8600C3D2FC /* Products */ = {
			isa = PBXGroup;
			children = (
				3D8845BA202DDD8600C3D2FC /* KindleLBTA.app */,
				3D8845CE202DDD8600C3D2FC /* KindleLBTATests.xctest */,
				3D8845D9202DDD8600C3D2FC /* KindleLBTAUITests.xctest */,
			);
			name = Products;
			sourceTree = "<group>";
		};
		3D8845BC202DDD8600C3D2FC /* KindleLBTA */ = {
			isa = PBXGroup;
			children = (
				3D8845BD202DDD8600C3D2FC /* AppDelegate.swift */,
				3D8845BF202DDD8600C3D2FC /* ViewController.swift */,
				3D8845C4202DDD8600C3D2FC /* Assets.xcassets */,
				3D8845C6202DDD8600C3D2FC /* LaunchScreen.storyboard */,
				3D8845C9202DDD8600C3D2FC /* Info.plist */,
				3D8845EB202DFDFF00C3D2FC /* Models.swift */,
			);
			path = KindleLBTA;
			sourceTree = "<group>";
		};
		3D8845D1202DDD8600C3D2FC /* KindleLBTATests */ = {
			isa = PBXGroup;
			children = (
				3D8845D2202DDD8600C3D2FC /* KindleLBTATests.swift */,
				3D8845D4202DDD8600C3D2FC /* Info.plist */,
			);
			path = KindleLBTATests;
			sourceTree = "<group>";
		};
		3D8845DC202DDD8600C3D2FC /* KindleLBTAUITests */ = {
			isa = PBXGroup;
			children = (
				3D8845DD202DDD8600C3D2FC /* KindleLBTAUITests.swift */,
				3D8845DF202DDD8600C3D2FC /* Info.plist */,
			);
			path = KindleLBTAUITests;
			sourceTree = "<group>";
		};
/* End PBXGroup section */

/* Begin PBXNativeTarget section */
		3D8845B9202DDD8500C3D2FC /* KindleLBTA */ = {
			isa = PBXNativeTarget;
			buildConfigurationList = 3D8845E2202DDD8600C3D2FC /* Build configuration list for PBXNativeTarget "KindleLBTA" */;
			buildPhases = (
				3D8845B6202DDD8500C3D2FC /* Sources */,
				3D8845B7202DDD8500C3D2FC /* Frameworks */,
				3D8845B8202DDD8500C3D2FC /* Resources */,
			);
			buildRules = (
			);
			dependencies = (
			);
			name = KindleLBTA;
			productName = KindleLBTA;
			productReference = 3D8845BA202DDD8600C3D2FC /* KindleLBTA.app */;
			productType = "com.apple.product-type.application";
		};
		3D8845CD202DDD8600C3D2FC /* KindleLBTATests */ = {
			isa = PBXNativeTarget;
			buildConfigurationList = 3D8845E5202DDD8600C3D2FC /* Build configuration list for PBXNativeTarget "KindleLBTATests" */;
			buildPhases = (
				3D8845CA202DDD8600C3D2FC /* Sources */,
				3D8845CB202DDD8600C3D2FC /* Frameworks */,
				3D8845CC202DDD8600C3D2FC /* Resources */,
			);
			buildRules = (
			);
			dependencies = (
				3D8845D0202DDD8600C3D2FC /* PBXTargetDependency */,
			);
			name = KindleLBTATests;
			productName = KindleLBTATests;
			productReference = 3D8845CE202DDD8600C3D2FC /* KindleLBTATests.xctest */;
			productType = "com.apple.product-type.bundle.unit-test";
		};
		3D8845D8202DDD8600C3D2FC /* KindleLBTAUITests */ = {
			isa = PBXNativeTarget;
			buildConfigurationList = 3D8845E8202DDD8600C3D2FC /* Build configuration list for PBXNativeTarget "KindleLBTAUITests" */;
			buildPhases = (
				3D8845D5202DDD8600C3D2FC /* Sources */,
				3D8845D6202DDD8600C3D2FC /* Frameworks */,
				3D8845D7202DDD8600C3D2FC /* Resources */,
			);
			buildRules = (
			);
			dependencies = (
				3D8845DB202DDD8600C3D2FC /* PBXTargetDependency */,
			);
			name = KindleLBTAUITests;
			productName = KindleLBTAUITests;
			productReference = 3D8845D9202DDD8600C3D2FC /* KindleLBTAUITests.xctest */;
			productType = "com.apple.product-type.bundle.ui-testing";
		};
/* End PBXNativeTarget section */

/* Begin PBXProject section */
		3D8845B2202DDD8500C3D2FC /* Project object */ = {
			isa = PBXProject;
			attributes = {
				LastSwiftUpdateCheck = 0920;
				LastUpgradeCheck = 0920;
				ORGANIZATIONNAME = "Mateusz Kaflowski";
				TargetAttributes = {
					3D8845B9202DDD8500C3D2FC = {
						CreatedOnToolsVersion = 9.2;
						ProvisioningStyle = Automatic;
					};
					3D8845CD202DDD8600C3D2FC = {
						CreatedOnToolsVersion = 9.2;
						ProvisioningStyle = Automatic;
						TestTargetID = 3D8845B9202DDD8500C3D2FC;
					};
					3D8845D8202DDD8600C3D2FC = {
						CreatedOnToolsVersion = 9.2;
						ProvisioningStyle = Automatic;
						TestTargetID = 3D8845B9202DDD8500C3D2FC;
					};
				};
			};
			buildConfigurationList = 3D8845B5202DDD8500C3D2FC /* Build configuration list for PBXProject "KindleLBTA" */;
			compatibilityVersion = "Xcode 8.0";
			developmentRegion = en;
			hasScannedForEncodings = 0;
			knownRegions = (
				en,
				Base,
			);
			mainGroup = 3D8845B1202DDD8500C3D2FC;
			productRefGroup = 3D8845BB202DDD8600C3D2FC /* Products */;
			projectDirPath = "";
			projectRoot = "";
			targets = (
				3D8845B9202DDD8500C3D2FC /* KindleLBTA */,
				3D8845CD202DDD8600C3D2FC /* KindleLBTATests */,
				3D8845D8202DDD8600C3D2FC /* KindleLBTAUITests */,
			);
		};
/* End PBXProject section */

/* Begin PBXResourcesBuildPhase section */
		3D8845B8202DDD8500C3D2FC /* Resources */ = {
			isa = PBXResourcesBuildPhase;
			buildActionMask = 2147483647;
			files = (
				3D8845C8202DDD8600C3D2FC /* LaunchScreen.storyboard in Resources */,
				3D8845C5202DDD8600C3D2FC /* Assets.xcassets in Resources */,
			);
			runOnlyForDeploymentPostprocessing = 0;
		};
		3D8845CC202DDD8600C3D2FC /* Resources */ = {
			isa = PBXResourcesBuildPhase;
			buildActionMask = 2147483647;
			files = (
			);
			runOnlyForDeploymentPostprocessing = 0;
		};
		3D8845D7202DDD8600C3D2FC /* Resources */ = {
			isa = PBXResourcesBuildPhase;
			buildActionMask = 2147483647;
			files = (
			);
			runOnlyForDeploymentPostprocessing = 0;
		};
/* End PBXResourcesBuildPhase section */

/* Begin PBXSourcesBuildPhase section */
		3D8845B6202DDD8500C3D2FC /* Sources */ = {
			isa = PBXSourcesBuildPhase;
			buildActionMask = 2147483647;
			files = (
				3D8845EC202DFDFF00C3D2FC /* Models.swift in Sources */,
				3D8845C0202DDD8600C3D2FC /* ViewController.swift in Sources */,
				3D8845BE202DDD8600C3D2FC /* AppDelegate.swift in Sources */,
			);
			runOnlyForDeploymentPostprocessing = 0;
		};
		3D8845CA202DDD8600C3D2FC /* Sources */ = {
			isa = PBXSourcesBuildPhase;
			buildActionMask = 2147483647;
			files = (
				3D8845D3202DDD8600C3D2FC /* KindleLBTATests.swift in Sources */,
			);
			runOnlyForDeploymentPostprocessing = 0;
		};
		3D8845D5202DDD8600C3D2FC /* Sources */ = {
			isa = PBXSourcesBuildPhase;
			buildActionMask = 2147483647;
			files = (
				3D8845DE202DDD8600C3D2FC /* KindleLBTAUITests.swift in Sources */,
			);
			runOnlyForDeploymentPostprocessing = 0;
		};
/* End PBXSourcesBuildPhase section */

/* Begin PBXTargetDependency section */
		3D8845D0202DDD8600C3D2FC /* PBXTargetDependency */ = {
			isa = PBXTargetDependency;
			target = 3D8845B9202DDD8500C3D2FC /* KindleLBTA */;
			targetProxy = 3D8845CF202DDD8600C3D2FC /* PBXContainerItemProxy */;
		};
		3D8845DB202DDD8600C3D2FC /* PBXTargetDependency */ = {
			isa = PBXTargetDependency;
			target = 3D8845B9202DDD8500C3D2FC /* KindleLBTA */;
			targetProxy = 3D8845DA202DDD8600C3D2FC /* PBXContainerItemProxy */;
		};
/* End PBXTargetDependency section */

/* Begin PBXVariantGroup section */
		3D8845C6202DDD8600C3D2FC /* LaunchScreen.storyboard */ = {
			isa = PBXVariantGroup;
			children = (
				3D8845C7202DDD8600C3D2FC /* Base */,
			);
			name = LaunchScreen.storyboard;
			sourceTree = "<group>";
		};
/* End PBXVariantGroup section */

/* Begin XCBuildConfiguration section */
		3D8845E0202DDD8600C3D2FC /* Debug */ = {
			isa = XCBuildConfiguration;
			buildSettings = {
				ALWAYS_SEARCH_USER_PATHS = NO;
				CLANG_ANALYZER_NONNULL = YES;
				CLANG_ANALYZER_NUMBER_OBJECT_CONVERSION = YES_AGGRESSIVE;
				CLANG_CXX_LANGUAGE_STANDARD = "gnu++14";
				CLANG_CXX_LIBRARY = "libc++";
				CLANG_ENABLE_MODULES = YES;
				CLANG_ENABLE_OBJC_ARC = YES;
				CLANG_WARN_BLOCK_CAPTURE_AUTORELEASING = YES;
				CLANG_WARN_BOOL_CONVERSION = YES;
				CLANG_WARN_COMMA = YES;
				CLANG_WARN_CONSTANT_CONVERSION = YES;
				CLANG_WARN_DIRECT_OBJC_ISA_USAGE = YES_ERROR;
				CLANG_WARN_DOCUMENTATION_COMMENTS = YES;
				CLANG_WARN_EMPTY_BODY = YES;
				CLANG_WARN_ENUM_CONVERSION = YES;
				CLANG_WARN_INFINITE_RECURSION = YES;
				CLANG_WARN_INT_CONVERSION = YES;
				CLANG_WARN_NON_LITERAL_NULL_CONVERSION = YES;
				CLANG_WARN_OBJC_LITERAL_CONVERSION = YES;
				CLANG_WARN_OBJC_ROOT_CLASS = YES_ERROR;
				CLANG_WARN_RANGE_LOOP_ANALYSIS = YES;
				CLANG_WARN_STRICT_PROTOTYPES = YES;
				CLANG_WARN_SUSPICIOUS_MOVE = YES;
				CLANG_WARN_UNGUARDED_AVAILABILITY = YES_AGGRESSIVE;
				CLANG_WARN_UNREACHABLE_CODE = YES;
				CLANG_WARN__DUPLICATE_METHOD_MATCH = YES;
				CODE_SIGN_IDENTITY = "iPhone Developer";
				COPY_PHASE_STRIP = NO;
				DEBUG_INFORMATION_FORMAT = dwarf;
				ENABLE_STRICT_OBJC_MSGSEND = YES;
				ENABLE_TESTABILITY = YES;
				GCC_C_LANGUAGE_STANDARD = gnu11;
				GCC_DYNAMIC_NO_PIC = NO;
				GCC_NO_COMMON_BLOCKS = YES;
				GCC_OPTIMIZATION_LEVEL = 0;
				GCC_PREPROCESSOR_DEFINITIONS = (
					"DEBUG=1",
					"$(inherited)",
				);
				GCC_WARN_64_TO_32_BIT_CONVERSION = YES;
				GCC_WARN_ABOUT_RETURN_TYPE = YES_ERROR;
				GCC_WARN_UNDECLARED_SELECTOR = YES;
				GCC_WARN_UNINITIALIZED_AUTOS = YES_AGGRESSIVE;
				GCC_WARN_UNUSED_FUNCTION = YES;
				GCC_WARN_UNUSED_VARIABLE = YES;
				IPHONEOS_DEPLOYMENT_TARGET = 11.2;
				MTL_ENABLE_DEBUG_INFO = YES;
				ONLY_ACTIVE_ARCH = YES;
				SDKROOT = iphoneos;
				SWIFT_ACTIVE_COMPILATION_CONDITIONS = DEBUG;
				SWIFT_OPTIMIZATION_LEVEL = "-Onone";
			};
			name = Debug;
		};
		3D8845E1202DDD8600C3D2FC /* Release */ = {
			isa = XCBuildConfiguration;
			buildSettings = {
				ALWAYS_SEARCH_USER_PATHS = NO;
				CLANG_ANALYZER_NONNULL = YES;
				CLANG_ANALYZER_NUMBER_OBJECT_CONVERSION = YES_AGGRESSIVE;
				CLANG_CXX_LANGUAGE_STANDARD = "gnu++14";
				CLANG_CXX_LIBRARY = "libc++";
				CLANG_ENABLE_MODULES = YES;
				CLANG_ENABLE_OBJC_ARC = YES;
				CLANG_WARN_BLOCK_CAPTURE_AUTORELEASING = YES;
				CLANG_WARN_BOOL_CONVERSION = YES;
				CLANG_WARN_COMMA = YES;
				CLANG_WARN_CONSTANT_CONVERSION = YES;
				CLANG_WARN_DIRECT_OBJC_ISA_USAGE = YES_ERROR;
				CLANG_WARN_DOCUMENTATION_COMMENTS = YES;
				CLANG_WARN_EMPTY_BODY = YES;
				CLANG_WARN_ENUM_CONVERSION = YES;
				CLANG_WARN_INFINITE_RECURSION = YES;
				CLANG_WARN_INT_CONVERSION = YES;
				CLANG_WARN_NON_LITERAL_NULL_CONVERSION = YES;
				CLANG_WARN_OBJC_LITERAL_CONVERSION = YES;
				CLANG_WARN_OBJC_ROOT_CLASS = YES_ERROR;
				CLANG_WARN_RANGE_LOOP_ANALYSIS = YES;
				CLANG_WARN_STRICT_PROTOTYPES = YES;
				CLANG_WARN_SUSPICIOUS_MOVE = YES;
				CLANG_WARN_UNGUARDED_AVAILABILITY = YES_AGGRESSIVE;
				CLANG_WARN_UNREACHABLE_CODE = YES;
				CLANG_WARN__DUPLICATE_METHOD_MATCH = YES;
				CODE_SIGN_IDENTITY = "iPhone Developer";
				COPY_PHASE_STRIP = NO;
				DEBUG_INFORMATION_FORMAT = "dwarf-with-dsym";
				ENABLE_NS_ASSERTIONS = NO;
				ENABLE_STRICT_OBJC_MSGSEND = YES;
				GCC_C_LANGUAGE_STANDARD = gnu11;
				GCC_NO_COMMON_BLOCKS = YES;
				GCC_WARN_64_TO_32_BIT_CONVERSION = YES;
				GCC_WARN_ABOUT_RETURN_TYPE = YES_ERROR;
				GCC_WARN_UNDECLARED_SELECTOR = YES;
				GCC_WARN_UNINITIALIZED_AUTOS = YES_AGGRESSIVE;
				GCC_WARN_UNUSED_FUNCTION = YES;
				GCC_WARN_UNUSED_VARIABLE = YES;
				IPHONEOS_DEPLOYMENT_TARGET = 11.2;
				MTL_ENABLE_DEBUG_INFO = NO;
				SDKROOT = iphoneos;
				SWIFT_OPTIMIZATION_LEVEL = "-Owholemodule";
				VALIDATE_PRODUCT = YES;
			};
			name = Release;
		};
		3D8845E3202DDD8600C3D2FC /* Debug */ = {
			isa = XCBuildConfiguration;
			buildSettings = {
				ASSETCATALOG_COMPILER_APPICON_NAME = AppIcon;
				CODE_SIGN_STYLE = Automatic;
				DEVELOPMENT_TEAM = 6M8C64Z8A6;
				INFOPLIST_FILE = KindleLBTA/Info.plist;
				LD_RUNPATH_SEARCH_PATHS = "$(inherited) @executable_path/Frameworks";
				PRODUCT_BUNDLE_IDENTIFIER = pl.mateuszkaflowski.KindleLBTA;
				PRODUCT_NAME = "$(TARGET_NAME)";
				SWIFT_VERSION = 4.0;
				TARGETED_DEVICE_FAMILY = "1,2";
			};
			name = Debug;
		};
		3D8845E4202DDD8600C3D2FC /* Release */ = {
			isa = XCBuildConfiguration;
			buildSettings = {
				ASSETCATALOG_COMPILER_APPICON_NAME = AppIcon;
				CODE_SIGN_STYLE = Automatic;
				DEVELOPMENT_TEAM = 6M8C64Z8A6;
				INFOPLIST_FILE = KindleLBTA/Info.plist;
				LD_RUNPATH_SEARCH_PATHS = "$(inherited) @executable_path/Frameworks";
				PRODUCT_BUNDLE_IDENTIFIER = pl.mateuszkaflowski.KindleLBTA;
				PRODUCT_NAME = "$(TARGET_NAME)";
				SWIFT_VERSION = 4.0;
				TARGETED_DEVICE_FAMILY = "1,2";
			};
			name = Release;
		};
		3D8845E6202DDD8600C3D2FC /* Debug */ = {
			isa = XCBuildConfiguration;
			buildSettings = {
				ALWAYS_EMBED_SWIFT_STANDARD_LIBRARIES = YES;
				BUNDLE_LOADER = "$(TEST_HOST)";
				CODE_SIGN_STYLE = Automatic;
				INFOPLIST_FILE = KindleLBTATests/Info.plist;
				LD_RUNPATH_SEARCH_PATHS = "$(inherited) @executable_path/Frameworks @loader_path/Frameworks";
				PRODUCT_BUNDLE_IDENTIFIER = pl.mateuszkaflowski.KindleLBTATests;
				PRODUCT_NAME = "$(TARGET_NAME)";
				SWIFT_VERSION = 4.0;
				TARGETED_DEVICE_FAMILY = "1,2";
				TEST_HOST = "$(BUILT_PRODUCTS_DIR)/KindleLBTA.app/KindleLBTA";
			};
			name = Debug;
		};
		3D8845E7202DDD8600C3D2FC /* Release */ = {
			isa = XCBuildConfiguration;
			buildSettings = {
				ALWAYS_EMBED_SWIFT_STANDARD_LIBRARIES = YES;
				BUNDLE_LOADER = "$(TEST_HOST)";
				CODE_SIGN_STYLE = Automatic;
				INFOPLIST_FILE = KindleLBTATests/Info.plist;
				LD_RUNPATH_SEARCH_PATHS = "$(inherited) @executable_path/Frameworks @loader_path/Frameworks";
				PRODUCT_BUNDLE_IDENTIFIER = pl.mateuszkaflowski.KindleLBTATests;
				PRODUCT_NAME = "$(TARGET_NAME)";
				SWIFT_VERSION = 4.0;
				TARGETED_DEVICE_FAMILY = "1,2";
				TEST_HOST = "$(BUILT_PRODUCTS_DIR)/KindleLBTA.app/KindleLBTA";
			};
			name = Release;
		};
		3D8845E9202DDD8600C3D2FC /* Debug */ = {
			isa = XCBuildConfiguration;
			buildSettings = {
				ALWAYS_EMBED_SWIFT_STANDARD_LIBRARIES = YES;
				CODE_SIGN_STYLE = Automatic;
				INFOPLIST_FILE = KindleLBTAUITests/Info.plist;
				LD_RUNPATH_SEARCH_PATHS = "$(inherited) @executable_path/Frameworks @loader_path/Frameworks";
				PRODUCT_BUNDLE_IDENTIFIER = pl.mateuszkaflowski.KindleLBTAUITests;
				PRODUCT_NAME = "$(TARGET_NAME)";
				SWIFT_VERSION = 4.0;
				TARGETED_DEVICE_FAMILY = "1,2";
				TEST_TARGET_NAME = KindleLBTA;
			};
			name = Debug;
		};
		3D8845EA202DDD8600C3D2FC /* Release */ = {
			isa = XCBuildConfiguration;
			buildSettings = {
				ALWAYS_EMBED_SWIFT_STANDARD_LIBRARIES = YES;
				CODE_SIGN_STYLE = Automatic;
				INFOPLIST_FILE = KindleLBTAUITests/Info.plist;
				LD_RUNPATH_SEARCH_PATHS = "$(inherited) @executable_path/Frameworks @loader_path/Frameworks";
				PRODUCT_BUNDLE_IDENTIFIER = pl.mateuszkaflowski.KindleLBTAUITests;
				PRODUCT_NAME = "$(TARGET_NAME)";
				SWIFT_VERSION = 4.0;
				TARGETED_DEVICE_FAMILY = "1,2";
				TEST_TARGET_NAME = KindleLBTA;
			};
			name = Release;
		};
/* End XCBuildConfiguration section */

/* Begin XCConfigurationList section */
		3D8845B5202DDD8500C3D2FC /* Build configuration list for PBXProject "KindleLBTA" */ = {
			isa = XCConfigurationList;
			buildConfigurations = (
				3D8845E0202DDD8600C3D2FC /* Debug */,
				3D8845E1202DDD8600C3D2FC /* Release */,
			);
			defaultConfigurationIsVisible = 0;
			defaultConfigurationName = Release;
		};
		3D8845E2202DDD8600C3D2FC /* Build configuration list for PBXNativeTarget "KindleLBTA" */ = {
			isa = XCConfigurationList;
			buildConfigurations = (
				3D8845E3202DDD8600C3D2FC /* Debug */,
				3D8845E4202DDD8600C3D2FC /* Release */,
			);
			defaultConfigurationIsVisible = 0;
			defaultConfigurationName = Release;
		};
		3D8845E5202DDD8600C3D2FC /* Build configuration list for PBXNativeTarget "KindleLBTATests" */ = {
			isa = XCConfigurationList;
			buildConfigurations = (
				3D8845E6202DDD8600C3D2FC /* Debug */,
				3D8845E7202DDD8600C3D2FC /* Release */,
			);
			defaultConfigurationIsVisible = 0;
			defaultConfigurationName = Release;
		};
		3D8845E8202DDD8600C3D2FC /* Build configuration list for PBXNativeTarget "KindleLBTAUITests" */ = {
			isa = XCConfigurationList;
			buildConfigurations = (
				3D8845E9202DDD8600C3D2FC /* Debug */,
				3D8845EA202DDD8600C3D2FC /* Release */,
			);
			defaultConfigurationIsVisible = 0;
			defaultConfigurationName = Release;
		};
/* End XCConfigurationList section */
	};
	rootObject = 3D8845B2202DDD8500C3D2FC /* Project object */;
}
